
Microsoft Visual Studio Solution File, Format Version 12.00
# Visual Studio 15
VisualStudioVersion = 15.0.27428.2037
MinimumVisualStudioVersion = 10.0.40219.1
Project("{FAE04EC0-301F-11D3-BF4B-00C04F79EFBC}") = "BotShot", "BotShot\BotShot.csproj", "{38446C7B-0151-466A-A14A-ECD5D5BC719D}"
EndProject
Global
	GlobalSection(SolutionConfigurationPlatforms) = preSolution
		Debug|Any CPU = Debug|Any CPU
		Release|Any CPU = Release|Any CPU
	EndGlobalSection
	GlobalSection(ProjectConfigurationPlatforms) = postSolution
		{38446C7B-0151-466A-A14A-ECD5D5BC719D}.Debug|Any CPU.ActiveCfg = Debug|Any CPU
		{38446C7B-0151-466A-A14A-ECD5D5BC719D}.Debug|Any CPU.Build.0 = Debug|Any CPU
		{38446C7B-0151-466A-A14A-ECD5D5BC719D}.Debug|Any CPU.Deploy.0 = Debug|Any CPU
		{38446C7B-0151-466A-A14A-ECD5D5BC719D}.Release|Any CPU.ActiveCfg = Release|Any CPU
		{38446C7B-0151-466A-A14A-ECD5D5BC719D}.Release|Any CPU.Build.0 = Release|Any CPU
		{38446C7B-0151-466A-A14A-ECD5D5BC719D}.Release|Any CPU.Deploy.0 = Release|Any CPU
	EndGlobalSection
	GlobalSection(SolutionProperties) = preSolution
		HideSolutionNode = FALSE
	EndGlobalSection
	GlobalSection(ExtensibilityGlobals) = postSolution
		SolutionGuid = {A1676A3E-6DB3-4576-9E0A-CA1D08DDC88D}
	EndGlobalSection
EndGlobal
